// !$*UTF8*$!
{
	archiveVersion = 1;
	classes = {
	};
	objectVersion = 56;
	objects = {

/* Begin PBXBuildFile section */
		6F038F9D2C978E9A0044BD2A /* ToDoItem.swift in Sources */ = {isa = PBXBuildFile; fileRef = 6F038F9C2C978E9A0044BD2A /* ToDoItem.swift */; };
		6F2C6E8D2C933B410036AA2C /* NavigationViewModel.swift in Sources */ = {isa = PBXBuildFile; fileRef = 6F2C6E8C2C933B410036AA2C /* NavigationViewModel.swift */; };
		6FC669B62C94673F00BF68D4 /* CrudView.swift in Sources */ = {isa = PBXBuildFile; fileRef = 6FC669B52C94673F00BF68D4 /* CrudView.swift */; };
		6FC669B82C94770A00BF68D4 /* CrudViewModel.swift in Sources */ = {isa = PBXBuildFile; fileRef = 6FC669B72C94770A00BF68D4 /* CrudViewModel.swift */; };
		6FC669BA2C9492D700BF68D4 /* ButtonMenu.swift in Sources */ = {isa = PBXBuildFile; fileRef = 6FC669B92C9492D700BF68D4 /* ButtonMenu.swift */; };
		6FF505A92C92774D00629CBB /* CloudKitTesteApp.swift in Sources */ = {isa = PBXBuildFile; fileRef = 6FF505A82C92774D00629CBB /* CloudKitTesteApp.swift */; };
		6FF505AB2C92774D00629CBB /* Menu.swift in Sources */ = {isa = PBXBuildFile; fileRef = 6FF505AA2C92774D00629CBB /* Menu.swift */; };
		6FF505AD2C92774E00629CBB /* Assets.xcassets in Resources */ = {isa = PBXBuildFile; fileRef = 6FF505AC2C92774E00629CBB /* Assets.xcassets */; };
		6FF505B02C92774E00629CBB /* Preview Assets.xcassets in Resources */ = {isa = PBXBuildFile; fileRef = 6FF505AF2C92774E00629CBB /* Preview Assets.xcassets */; };
		6FF505BC2C93154F00629CBB /* DataViewModel.swift in Sources */ = {isa = PBXBuildFile; fileRef = 6FF505BB2C93154F00629CBB /* DataViewModel.swift */; };
/* End PBXBuildFile section */

/* Begin PBXFileReference section */
		6F038F9C2C978E9A0044BD2A /* ToDoItem.swift */ = {isa = PBXFileReference; lastKnownFileType = sourcecode.swift; path = ToDoItem.swift; sourceTree = "<group>"; };
		6F2C6E8C2C933B410036AA2C /* NavigationViewModel.swift */ = {isa = PBXFileReference; lastKnownFileType = sourcecode.swift; path = NavigationViewModel.swift; sourceTree = "<group>"; };
		6FC669B52C94673F00BF68D4 /* CrudView.swift */ = {isa = PBXFileReference; lastKnownFileType = sourcecode.swift; path = CrudView.swift; sourceTree = "<group>"; };
		6FC669B72C94770A00BF68D4 /* CrudViewModel.swift */ = {isa = PBXFileReference; lastKnownFileType = sourcecode.swift; path = CrudViewModel.swift; sourceTree = "<group>"; };
		6FC669B92C9492D700BF68D4 /* ButtonMenu.swift */ = {isa = PBXFileReference; lastKnownFileType = sourcecode.swift; path = ButtonMenu.swift; sourceTree = "<group>"; };
		6FF505A52C92774D00629CBB /* CloudKitTeste.app */ = {isa = PBXFileReference; explicitFileType = wrapper.application; includeInIndex = 0; path = CloudKitTeste.app; sourceTree = BUILT_PRODUCTS_DIR; };
		6FF505A82C92774D00629CBB /* CloudKitTesteApp.swift */ = {isa = PBXFileReference; lastKnownFileType = sourcecode.swift; path = CloudKitTesteApp.swift; sourceTree = "<group>"; };
		6FF505AA2C92774D00629CBB /* Menu.swift */ = {isa = PBXFileReference; lastKnownFileType = sourcecode.swift; path = Menu.swift; sourceTree = "<group>"; };
		6FF505AC2C92774E00629CBB /* Assets.xcassets */ = {isa = PBXFileReference; lastKnownFileType = folder.assetcatalog; path = Assets.xcassets; sourceTree = "<group>"; };
		6FF505AF2C92774E00629CBB /* Preview Assets.xcassets */ = {isa = PBXFileReference; lastKnownFileType = folder.assetcatalog; path = "Preview Assets.xcassets"; sourceTree = "<group>"; };
		6FF505B62C927A6900629CBB /* CloudKitTeste.entitlements */ = {isa = PBXFileReference; lastKnownFileType = text.plist.entitlements; path = CloudKitTeste.entitlements; sourceTree = "<group>"; };
		6FF505BB2C93154F00629CBB /* DataViewModel.swift */ = {isa = PBXFileReference; lastKnownFileType = sourcecode.swift; path = DataViewModel.swift; sourceTree = "<group>"; };
/* End PBXFileReference section */

/* Begin PBXFrameworksBuildPhase section */
		6FF505A22C92774D00629CBB /* Frameworks */ = {
			isa = PBXFrameworksBuildPhase;
			buildActionMask = 2147483647;
			files = (
			);
			runOnlyForDeploymentPostprocessing = 0;
		};
/* End PBXFrameworksBuildPhase section */

/* Begin PBXGroup section */
		6F038F9B2C978E7B0044BD2A /* Model */ = {
			isa = PBXGroup;
			children = (
				6F038F9C2C978E9A0044BD2A /* ToDoItem.swift */,
			);
			path = Model;
			sourceTree = "<group>";
		};
		6FF5059C2C92774D00629CBB = {
			isa = PBXGroup;
			children = (
				6FF505A72C92774D00629CBB /* CloudKitTeste */,
				6FF505A62C92774D00629CBB /* Products */,
			);
			sourceTree = "<group>";
		};
		6FF505A62C92774D00629CBB /* Products */ = {
			isa = PBXGroup;
			children = (
				6FF505A52C92774D00629CBB /* CloudKitTeste.app */,
			);
			name = Products;
			sourceTree = "<group>";
		};
		6FF505A72C92774D00629CBB /* CloudKitTeste */ = {
			isa = PBXGroup;
			children = (
				6F038F9B2C978E7B0044BD2A /* Model */,
				6FF505BA2C93152E00629CBB /* ViewModels */,
				6FF505B82C93151B00629CBB /* Views */,
				6FF505B72C9314F400629CBB /* Config */,
				6FF505AC2C92774E00629CBB /* Assets.xcassets */,
				6FF505AE2C92774E00629CBB /* Preview Content */,
			);
			path = CloudKitTeste;
			sourceTree = "<group>";
		};
		6FF505AE2C92774E00629CBB /* Preview Content */ = {
			isa = PBXGroup;
			children = (
				6FF505AF2C92774E00629CBB /* Preview Assets.xcassets */,
			);
			path = "Preview Content";
			sourceTree = "<group>";
		};
		6FF505B72C9314F400629CBB /* Config */ = {
			isa = PBXGroup;
			children = (
				6FF505A82C92774D00629CBB /* CloudKitTesteApp.swift */,
				6FF505B62C927A6900629CBB /* CloudKitTeste.entitlements */,
			);
			path = Config;
			sourceTree = "<group>";
		};
		6FF505B82C93151B00629CBB /* Views */ = {
			isa = PBXGroup;
			children = (
				6FF505B92C93152500629CBB /* Components */,
				6FF505AA2C92774D00629CBB /* Menu.swift */,
				6FC669B52C94673F00BF68D4 /* CrudView.swift */,
			);
			path = Views;
			sourceTree = "<group>";
		};
		6FF505B92C93152500629CBB /* Components */ = {
			isa = PBXGroup;
			children = (
				6FC669B92C9492D700BF68D4 /* ButtonMenu.swift */,
			);
			path = Components;
			sourceTree = "<group>";
		};
		6FF505BA2C93152E00629CBB /* ViewModels */ = {
			isa = PBXGroup;
			children = (
				6FF505BB2C93154F00629CBB /* DataViewModel.swift */,
				6F2C6E8C2C933B410036AA2C /* NavigationViewModel.swift */,
				6FC669B72C94770A00BF68D4 /* CrudViewModel.swift */,
			);
			path = ViewModels;
			sourceTree = "<group>";
		};
/* End PBXGroup section */

/* Begin PBXNativeTarget section */
		6FF505A42C92774D00629CBB /* CloudKitTeste */ = {
			isa = PBXNativeTarget;
			buildConfigurationList = 6FF505B32C92774E00629CBB /* Build configuration list for PBXNativeTarget "CloudKitTeste" */;
			buildPhases = (
				6FF505A12C92774D00629CBB /* Sources */,
				6FF505A22C92774D00629CBB /* Frameworks */,
				6FF505A32C92774D00629CBB /* Resources */,
			);
			buildRules = (
			);
			dependencies = (
			);
			name = CloudKitTeste;
			productName = CloudKitTeste;
			productReference = 6FF505A52C92774D00629CBB /* CloudKitTeste.app */;
			productType = "com.apple.product-type.application";
		};
/* End PBXNativeTarget section */

/* Begin PBXProject section */
		6FF5059D2C92774D00629CBB /* Project object */ = {
			isa = PBXProject;
			attributes = {
				BuildIndependentTargetsInParallel = 1;
				LastSwiftUpdateCheck = 1540;
				LastUpgradeCheck = 1540;
				TargetAttributes = {
					6FF505A42C92774D00629CBB = {
						CreatedOnToolsVersion = 15.4;
					};
				};
			};
			buildConfigurationList = 6FF505A02C92774D00629CBB /* Build configuration list for PBXProject "CloudKitTeste" */;
			compatibilityVersion = "Xcode 14.0";
			developmentRegion = en;
			hasScannedForEncodings = 0;
			knownRegions = (
				en,
				Base,
			);
			mainGroup = 6FF5059C2C92774D00629CBB;
			productRefGroup = 6FF505A62C92774D00629CBB /* Products */;
			projectDirPath = "";
			projectRoot = "";
			targets = (
				6FF505A42C92774D00629CBB /* CloudKitTeste */,
			);
		};
/* End PBXProject section */

/* Begin PBXResourcesBuildPhase section */
		6FF505A32C92774D00629CBB /* Resources */ = {
			isa = PBXResourcesBuildPhase;
			buildActionMask = 2147483647;
			files = (
				6FF505B02C92774E00629CBB /* Preview Assets.xcassets in Resources */,
				6FF505AD2C92774E00629CBB /* Assets.xcassets in Resources */,
			);
			runOnlyForDeploymentPostprocessing = 0;
		};
/* End PBXResourcesBuildPhase section */

/* Begin PBXSourcesBuildPhase section */
		6FF505A12C92774D00629CBB /* Sources */ = {
			isa = PBXSourcesBuildPhase;
			buildActionMask = 2147483647;
			files = (
				6FC669BA2C9492D700BF68D4 /* ButtonMenu.swift in Sources */,
				6F2C6E8D2C933B410036AA2C /* NavigationViewModel.swift in Sources */,
				6FC669B82C94770A00BF68D4 /* CrudViewModel.swift in Sources */,
				6FF505AB2C92774D00629CBB /* Menu.swift in Sources */,
				6FC669B62C94673F00BF68D4 /* CrudView.swift in Sources */,
				6FF505A92C92774D00629CBB /* CloudKitTesteApp.swift in Sources */,
				6F038F9D2C978E9A0044BD2A /* ToDoItem.swift in Sources */,
				6FF505BC2C93154F00629CBB /* DataViewModel.swift in Sources */,
			);
			runOnlyForDeploymentPostprocessing = 0;
		};
/* End PBXSourcesBuildPhase section */

/* Begin XCBuildConfiguration section */
		6FF505B12C92774E00629CBB /* Debug */ = {
			isa = XCBuildConfiguration;
			buildSettings = {
				ALWAYS_SEARCH_USER_PATHS = NO;
				ASSETCATALOG_COMPILER_GENERATE_SWIFT_ASSET_SYMBOL_EXTENSIONS = YES;
				CLANG_ANALYZER_NONNULL = YES;
				CLANG_ANALYZER_NUMBER_OBJECT_CONVERSION = YES_AGGRESSIVE;
				CLANG_CXX_LANGUAGE_STANDARD = "gnu++20";
				CLANG_ENABLE_MODULES = YES;
				CLANG_ENABLE_OBJC_ARC = YES;
				CLANG_ENABLE_OBJC_WEAK = YES;
				CLANG_WARN_BLOCK_CAPTURE_AUTORELEASING = YES;
				CLANG_WARN_BOOL_CONVERSION = YES;
				CLANG_WARN_COMMA = YES;
				CLANG_WARN_CONSTANT_CONVERSION = YES;
				CLANG_WARN_DEPRECATED_OBJC_IMPLEMENTATIONS = YES;
				CLANG_WARN_DIRECT_OBJC_ISA_USAGE = YES_ERROR;
				CLANG_WARN_DOCUMENTATION_COMMENTS = YES;
				CLANG_WARN_EMPTY_BODY = YES;
				CLANG_WARN_ENUM_CONVERSION = YES;
				CLANG_WARN_INFINITE_RECURSION = YES;
				CLANG_WARN_INT_CONVERSION = YES;
				CLANG_WARN_NON_LITERAL_NULL_CONVERSION = YES;
				CLANG_WARN_OBJC_IMPLICIT_RETAIN_SELF = YES;
				CLANG_WARN_OBJC_LITERAL_CONVERSION = YES;
				CLANG_WARN_OBJC_ROOT_CLASS = YES_ERROR;
				CLANG_WARN_QUOTED_INCLUDE_IN_FRAMEWORK_HEADER = YES;
				CLANG_WARN_RANGE_LOOP_ANALYSIS = YES;
				CLANG_WARN_STRICT_PROTOTYPES = YES;
				CLANG_WARN_SUSPICIOUS_MOVE = YES;
				CLANG_WARN_UNGUARDED_AVAILABILITY = YES_AGGRESSIVE;
				CLANG_WARN_UNREACHABLE_CODE = YES;
				CLANG_WARN__DUPLICATE_METHOD_MATCH = YES;
				COPY_PHASE_STRIP = NO;
				DEBUG_INFORMATION_FORMAT = dwarf;
				ENABLE_STRICT_OBJC_MSGSEND = YES;
				ENABLE_TESTABILITY = YES;
				ENABLE_USER_SCRIPT_SANDBOXING = YES;
				GCC_C_LANGUAGE_STANDARD = gnu17;
				GCC_DYNAMIC_NO_PIC = NO;
				GCC_NO_COMMON_BLOCKS = YES;
				GCC_OPTIMIZATION_LEVEL = 0;
				GCC_PREPROCESSOR_DEFINITIONS = (
					"DEBUG=1",
					"$(inherited)",
				);
				GCC_WARN_64_TO_32_BIT_CONVERSION = YES;
				GCC_WARN_ABOUT_RETURN_TYPE = YES_ERROR;
				GCC_WARN_UNDECLARED_SELECTOR = YES;
				GCC_WARN_UNINITIALIZED_AUTOS = YES_AGGRESSIVE;
				GCC_WARN_UNUSED_FUNCTION = YES;
				GCC_WARN_UNUSED_VARIABLE = YES;
				IPHONEOS_DEPLOYMENT_TARGET = 17.5;
				LOCALIZATION_PREFERS_STRING_CATALOGS = YES;
				MTL_ENABLE_DEBUG_INFO = INCLUDE_SOURCE;
				MTL_FAST_MATH = YES;
				ONLY_ACTIVE_ARCH = YES;
				SDKROOT = iphoneos;
				SWIFT_ACTIVE_COMPILATION_CONDITIONS = "DEBUG $(inherited)";
				SWIFT_OPTIMIZATION_LEVEL = "-Onone";
			};
			name = Debug;
		};
		6FF505B22C92774E00629CBB /* Release */ = {
			isa = XCBuildConfiguration;
			buildSettings = {
				ALWAYS_SEARCH_USER_PATHS = NO;
				ASSETCATALOG_COMPILER_GENERATE_SWIFT_ASSET_SYMBOL_EXTENSIONS = YES;
				CLANG_ANALYZER_NONNULL = YES;
				CLANG_ANALYZER_NUMBER_OBJECT_CONVERSION = YES_AGGRESSIVE;
				CLANG_CXX_LANGUAGE_STANDARD = "gnu++20";
				CLANG_ENABLE_MODULES = YES;
				CLANG_ENABLE_OBJC_ARC = YES;
				CLANG_ENABLE_OBJC_WEAK = YES;
				CLANG_WARN_BLOCK_CAPTURE_AUTORELEASING = YES;
				CLANG_WARN_BOOL_CONVERSION = YES;
				CLANG_WARN_COMMA = YES;
				CLANG_WARN_CONSTANT_CONVERSION = YES;
				CLANG_WARN_DEPRECATED_OBJC_IMPLEMENTATIONS = YES;
				CLANG_WARN_DIRECT_OBJC_ISA_USAGE = YES_ERROR;
				CLANG_WARN_DOCUMENTATION_COMMENTS = YES;
				CLANG_WARN_EMPTY_BODY = YES;
				CLANG_WARN_ENUM_CONVERSION = YES;
				CLANG_WARN_INFINITE_RECURSION = YES;
				CLANG_WARN_INT_CONVERSION = YES;
				CLANG_WARN_NON_LITERAL_NULL_CONVERSION = YES;
				CLANG_WARN_OBJC_IMPLICIT_RETAIN_SELF = YES;
				CLANG_WARN_OBJC_LITERAL_CONVERSION = YES;
				CLANG_WARN_OBJC_ROOT_CLASS = YES_ERROR;
				CLANG_WARN_QUOTED_INCLUDE_IN_FRAMEWORK_HEADER = YES;
				CLANG_WARN_RANGE_LOOP_ANALYSIS = YES;
				CLANG_WARN_STRICT_PROTOTYPES = YES;
				CLANG_WARN_SUSPICIOUS_MOVE = YES;
				CLANG_WARN_UNGUARDED_AVAILABILITY = YES_AGGRESSIVE;
				CLANG_WARN_UNREACHABLE_CODE = YES;
				CLANG_WARN__DUPLICATE_METHOD_MATCH = YES;
				COPY_PHASE_STRIP = NO;
				DEBUG_INFORMATION_FORMAT = "dwarf-with-dsym";
				ENABLE_NS_ASSERTIONS = NO;
				ENABLE_STRICT_OBJC_MSGSEND = YES;
				ENABLE_USER_SCRIPT_SANDBOXING = YES;
				GCC_C_LANGUAGE_STANDARD = gnu17;
				GCC_NO_COMMON_BLOCKS = YES;
				GCC_WARN_64_TO_32_BIT_CONVERSION = YES;
				GCC_WARN_ABOUT_RETURN_TYPE = YES_ERROR;
				GCC_WARN_UNDECLARED_SELECTOR = YES;
				GCC_WARN_UNINITIALIZED_AUTOS = YES_AGGRESSIVE;
				GCC_WARN_UNUSED_FUNCTION = YES;
				GCC_WARN_UNUSED_VARIABLE = YES;
				IPHONEOS_DEPLOYMENT_TARGET = 17.5;
				LOCALIZATION_PREFERS_STRING_CATALOGS = YES;
				MTL_ENABLE_DEBUG_INFO = NO;
				MTL_FAST_MATH = YES;
				SDKROOT = iphoneos;
				SWIFT_COMPILATION_MODE = wholemodule;
				VALIDATE_PRODUCT = YES;
			};
			name = Release;
		};
		6FF505B42C92774E00629CBB /* Debug */ = {
			isa = XCBuildConfiguration;
			buildSettings = {
				ASSETCATALOG_COMPILER_APPICON_NAME = AppIcon;
				ASSETCATALOG_COMPILER_GLOBAL_ACCENT_COLOR_NAME = AccentColor;
				CODE_SIGN_ENTITLEMENTS = CloudKitTeste/CloudKitTeste.entitlements;
				CODE_SIGN_STYLE = Automatic;
				CURRENT_PROJECT_VERSION = 1;
				DEVELOPMENT_ASSET_PATHS = "\"CloudKitTeste/Preview Content\"";
				DEVELOPMENT_TEAM = 4XY84J5345;
				ENABLE_PREVIEWS = YES;
				GENERATE_INFOPLIST_FILE = YES;
				INFOPLIST_KEY_UIApplicationSceneManifest_Generation = YES;
				INFOPLIST_KEY_UIApplicationSupportsIndirectInputEvents = YES;
				INFOPLIST_KEY_UILaunchScreen_Generation = YES;
				INFOPLIST_KEY_UISupportedInterfaceOrientations_iPad = "UIInterfaceOrientationPortrait UIInterfaceOrientationPortraitUpsideDown UIInterfaceOrientationLandscapeLeft UIInterfaceOrientationLandscapeRight";
				INFOPLIST_KEY_UISupportedInterfaceOrientations_iPhone = "UIInterfaceOrientationPortrait UIInterfaceOrientationLandscapeLeft UIInterfaceOrientationLandscapeRight";
				LD_RUNPATH_SEARCH_PATHS = (
					"$(inherited)",
					"@executable_path/Frameworks",
				);
				MARKETING_VERSION = 1.0;
				PRODUCT_BUNDLE_IDENTIFIER = net.idserve.emao.CloudKitTeste;
				PRODUCT_NAME = "$(TARGET_NAME)";
				SWIFT_EMIT_LOC_STRINGS = YES;
				SWIFT_VERSION = 5.0;
				TARGETED_DEVICE_FAMILY = "1,2";
			};
			name = Debug;
		};
		6FF505B52C92774E00629CBB /* Release */ = {
			isa = XCBuildConfiguration;
			buildSettings = {
				ASSETCATALOG_COMPILER_APPICON_NAME = AppIcon;
				ASSETCATALOG_COMPILER_GLOBAL_ACCENT_COLOR_NAME = AccentColor;
				CODE_SIGN_ENTITLEMENTS = CloudKitTeste/CloudKitTeste.entitlements;
				CODE_SIGN_STYLE = Automatic;
				CURRENT_PROJECT_VERSION = 1;
				DEVELOPMENT_ASSET_PATHS = "\"CloudKitTeste/Preview Content\"";
				DEVELOPMENT_TEAM = 4XY84J5345;
				ENABLE_PREVIEWS = YES;
				GENERATE_INFOPLIST_FILE = YES;
				INFOPLIST_KEY_UIApplicationSceneManifest_Generation = YES;
				INFOPLIST_KEY_UIApplicationSupportsIndirectInputEvents = YES;
				INFOPLIST_KEY_UILaunchScreen_Generation = YES;
				INFOPLIST_KEY_UISupportedInterfaceOrientations_iPad = "UIInterfaceOrientationPortrait UIInterfaceOrientationPortraitUpsideDown UIInterfaceOrientationLandscapeLeft UIInterfaceOrientationLandscapeRight";
				INFOPLIST_KEY_UISupportedInterfaceOrientations_iPhone = "UIInterfaceOrientationPortrait UIInterfaceOrientationLandscapeLeft UIInterfaceOrientationLandscapeRight";
				LD_RUNPATH_SEARCH_PATHS = (
					"$(inherited)",
					"@executable_path/Frameworks",
				);
				MARKETING_VERSION = 1.0;
				PRODUCT_BUNDLE_IDENTIFIER = net.idserve.emao.CloudKitTeste;
				PRODUCT_NAME = "$(TARGET_NAME)";
				SWIFT_EMIT_LOC_STRINGS = YES;
				SWIFT_VERSION = 5.0;
				TARGETED_DEVICE_FAMILY = "1,2";
			};
			name = Release;
		};
/* End XCBuildConfiguration section */

/* Begin XCConfigurationList section */
		6FF505A02C92774D00629CBB /* Build configuration list for PBXProject "CloudKitTeste" */ = {
			isa = XCConfigurationList;
			buildConfigurations = (
				6FF505B12C92774E00629CBB /* Debug */,
				6FF505B22C92774E00629CBB /* Release */,
			);
			defaultConfigurationIsVisible = 0;
			defaultConfigurationName = Release;
		};
		6FF505B32C92774E00629CBB /* Build configuration list for PBXNativeTarget "CloudKitTeste" */ = {
			isa = XCConfigurationList;
			buildConfigurations = (
				6FF505B42C92774E00629CBB /* Debug */,
				6FF505B52C92774E00629CBB /* Release */,
			);
			defaultConfigurationIsVisible = 0;
			defaultConfigurationName = Release;
		};
/* End XCConfigurationList section */
	};
	rootObject = 6FF5059D2C92774D00629CBB /* Project object */;
}
